// !$*UTF8*$!
{
	archiveVersion = 1;
	classes = {
	};
	objectVersion = 55;
	objects = {

/* Begin PBXBuildFile section */
		B580B609292E80C200A0D5E8 /* exa_ingwebApp.swift in Sources */ = {isa = PBXBuildFile; fileRef = B580B608292E80C200A0D5E8 /* exa_ingwebApp.swift */; };
		B580B60B292E80C200A0D5E8 /* ContentView.swift in Sources */ = {isa = PBXBuildFile; fileRef = B580B60A292E80C200A0D5E8 /* ContentView.swift */; };
		B580B60D292E80C500A0D5E8 /* Assets.xcassets in Resources */ = {isa = PBXBuildFile; fileRef = B580B60C292E80C500A0D5E8 /* Assets.xcassets */; };
		B580B610292E80C500A0D5E8 /* Preview Assets.xcassets in Resources */ = {isa = PBXBuildFile; fileRef = B580B60F292E80C500A0D5E8 /* Preview Assets.xcassets */; };
		B580B617292E80E100A0D5E8 /* VigaStruct.swift in Sources */ = {isa = PBXBuildFile; fileRef = B580B616292E80E100A0D5E8 /* VigaStruct.swift */; };
		B580B61A292E82F200A0D5E8 /* DataModel.xcdatamodeld in Sources */ = {isa = PBXBuildFile; fileRef = B580B618292E82F200A0D5E8 /* DataModel.xcdatamodeld */; };
		B580B61C292E846A00A0D5E8 /* DataManager.swift in Sources */ = {isa = PBXBuildFile; fileRef = B580B61B292E846A00A0D5E8 /* DataManager.swift */; };
		B5B8843B293514F900C7673F /* SaveView.swift in Sources */ = {isa = PBXBuildFile; fileRef = B5B8843A293514F900C7673F /* SaveView.swift */; };
		B5B8843D2935151300C7673F /* ListView.swift in Sources */ = {isa = PBXBuildFile; fileRef = B5B8843C2935151300C7673F /* ListView.swift */; };
		B5B8843F2935153200C7673F /* UpdateView.swift in Sources */ = {isa = PBXBuildFile; fileRef = B5B8843E2935153200C7673F /* UpdateView.swift */; };
/* End PBXBuildFile section */

/* Begin PBXFileReference section */
		B580B605292E80C200A0D5E8 /* exa-ingweb.app */ = {isa = PBXFileReference; explicitFileType = wrapper.application; includeInIndex = 0; path = "exa-ingweb.app"; sourceTree = BUILT_PRODUCTS_DIR; };
		B580B608292E80C200A0D5E8 /* exa_ingwebApp.swift */ = {isa = PBXFileReference; lastKnownFileType = sourcecode.swift; path = exa_ingwebApp.swift; sourceTree = "<group>"; };
		B580B60A292E80C200A0D5E8 /* ContentView.swift */ = {isa = PBXFileReference; lastKnownFileType = sourcecode.swift; path = ContentView.swift; sourceTree = "<group>"; };
		B580B60C292E80C500A0D5E8 /* Assets.xcassets */ = {isa = PBXFileReference; lastKnownFileType = folder.assetcatalog; path = Assets.xcassets; sourceTree = "<group>"; };
		B580B60F292E80C500A0D5E8 /* Preview Assets.xcassets */ = {isa = PBXFileReference; lastKnownFileType = folder.assetcatalog; path = "Preview Assets.xcassets"; sourceTree = "<group>"; };
		B580B616292E80E100A0D5E8 /* VigaStruct.swift */ = {isa = PBXFileReference; lastKnownFileType = sourcecode.swift; path = VigaStruct.swift; sourceTree = "<group>"; };
		B580B619292E82F200A0D5E8 /* DataModel.xcdatamodel */ = {isa = PBXFileReference; lastKnownFileType = wrapper.xcdatamodel; path = DataModel.xcdatamodel; sourceTree = "<group>"; };
		B580B61B292E846A00A0D5E8 /* DataManager.swift */ = {isa = PBXFileReference; lastKnownFileType = sourcecode.swift; path = DataManager.swift; sourceTree = "<group>"; };
		B5B8843A293514F900C7673F /* SaveView.swift */ = {isa = PBXFileReference; lastKnownFileType = sourcecode.swift; path = SaveView.swift; sourceTree = "<group>"; };
		B5B8843C2935151300C7673F /* ListView.swift */ = {isa = PBXFileReference; lastKnownFileType = sourcecode.swift; path = ListView.swift; sourceTree = "<group>"; };
		B5B8843E2935153200C7673F /* UpdateView.swift */ = {isa = PBXFileReference; lastKnownFileType = sourcecode.swift; path = UpdateView.swift; sourceTree = "<group>"; };
/* End PBXFileReference section */

/* Begin PBXFrameworksBuildPhase section */
		B580B602292E80C200A0D5E8 /* Frameworks */ = {
			isa = PBXFrameworksBuildPhase;
			buildActionMask = 2147483647;
			files = (
			);
			runOnlyForDeploymentPostprocessing = 0;
		};
/* End PBXFrameworksBuildPhase section */

/* Begin PBXGroup section */
		B580B5FC292E80C200A0D5E8 = {
			isa = PBXGroup;
			children = (
				B580B607292E80C200A0D5E8 /* exa-ingweb */,
				B580B606292E80C200A0D5E8 /* Products */,
			);
			sourceTree = "<group>";
		};
		B580B606292E80C200A0D5E8 /* Products */ = {
			isa = PBXGroup;
			children = (
				B580B605292E80C200A0D5E8 /* exa-ingweb.app */,
			);
			name = Products;
			sourceTree = "<group>";
		};
		B580B607292E80C200A0D5E8 /* exa-ingweb */ = {
			isa = PBXGroup;
			children = (
				B580B608292E80C200A0D5E8 /* exa_ingwebApp.swift */,
				B580B60A292E80C200A0D5E8 /* ContentView.swift */,
				B5B8843A293514F900C7673F /* SaveView.swift */,
				B5B8843E2935153200C7673F /* UpdateView.swift */,
				B5B8843C2935151300C7673F /* ListView.swift */,
				B580B60C292E80C500A0D5E8 /* Assets.xcassets */,
				B580B60E292E80C500A0D5E8 /* Preview Content */,
				B580B616292E80E100A0D5E8 /* VigaStruct.swift */,
				B580B618292E82F200A0D5E8 /* DataModel.xcdatamodeld */,
				B580B61B292E846A00A0D5E8 /* DataManager.swift */,
			);
			path = "exa-ingweb";
			sourceTree = "<group>";
		};
		B580B60E292E80C500A0D5E8 /* Preview Content */ = {
			isa = PBXGroup;
			children = (
				B580B60F292E80C500A0D5E8 /* Preview Assets.xcassets */,
			);
			path = "Preview Content";
			sourceTree = "<group>";
		};
/* End PBXGroup section */

/* Begin PBXNativeTarget section */
		B580B604292E80C200A0D5E8 /* exa-ingweb */ = {
			isa = PBXNativeTarget;
			buildConfigurationList = B580B613292E80C500A0D5E8 /* Build configuration list for PBXNativeTarget "exa-ingweb" */;
			buildPhases = (
				B580B601292E80C200A0D5E8 /* Sources */,
				B580B602292E80C200A0D5E8 /* Frameworks */,
				B580B603292E80C200A0D5E8 /* Resources */,
			);
			buildRules = (
			);
			dependencies = (
			);
			name = "exa-ingweb";
			productName = "exa-ingweb";
			productReference = B580B605292E80C200A0D5E8 /* exa-ingweb.app */;
			productType = "com.apple.product-type.application";
		};
/* End PBXNativeTarget section */

/* Begin PBXProject section */
		B580B5FD292E80C200A0D5E8 /* Project object */ = {
			isa = PBXProject;
			attributes = {
				BuildIndependentTargetsInParallel = 1;
				LastSwiftUpdateCheck = 1340;
				LastUpgradeCheck = 1340;
				TargetAttributes = {
					B580B604292E80C200A0D5E8 = {
						CreatedOnToolsVersion = 13.4.1;
					};
				};
			};
			buildConfigurationList = B580B600292E80C200A0D5E8 /* Build configuration list for PBXProject "exa-ingweb" */;
			compatibilityVersion = "Xcode 13.0";
			developmentRegion = en;
			hasScannedForEncodings = 0;
			knownRegions = (
				en,
				Base,
			);
			mainGroup = B580B5FC292E80C200A0D5E8;
			productRefGroup = B580B606292E80C200A0D5E8 /* Products */;
			projectDirPath = "";
			projectRoot = "";
			targets = (
				B580B604292E80C200A0D5E8 /* exa-ingweb */,
			);
		};
/* End PBXProject section */

/* Begin PBXResourcesBuildPhase section */
		B580B603292E80C200A0D5E8 /* Resources */ = {
			isa = PBXResourcesBuildPhase;
			buildActionMask = 2147483647;
			files = (
				B580B610292E80C500A0D5E8 /* Preview Assets.xcassets in Resources */,
				B580B60D292E80C500A0D5E8 /* Assets.xcassets in Resources */,
			);
			runOnlyForDeploymentPostprocessing = 0;
		};
/* End PBXResourcesBuildPhase section */

/* Begin PBXSourcesBuildPhase section */
		B580B601292E80C200A0D5E8 /* Sources */ = {
			isa = PBXSourcesBuildPhase;
			buildActionMask = 2147483647;
			files = (
				B580B60B292E80C200A0D5E8 /* ContentView.swift in Sources */,
				B5B8843F2935153200C7673F /* UpdateView.swift in Sources */,
				B580B61A292E82F200A0D5E8 /* DataModel.xcdatamodeld in Sources */,
				B580B617292E80E100A0D5E8 /* VigaStruct.swift in Sources */,
				B5B8843D2935151300C7673F /* ListView.swift in Sources */,
				B580B61C292E846A00A0D5E8 /* DataManager.swift in Sources */,
				B580B609292E80C200A0D5E8 /* exa_ingwebApp.swift in Sources */,
				B5B8843B293514F900C7673F /* SaveView.swift in Sources */,
			);
			runOnlyForDeploymentPostprocessing = 0;
		};
/* End PBXSourcesBuildPhase section */

/* Begin XCBuildConfiguration section */
		B580B611292E80C500A0D5E8 /* Debug */ = {
			isa = XCBuildConfiguration;
			buildSettings = {
				ALWAYS_SEARCH_USER_PATHS = NO;
				CLANG_ANALYZER_NONNULL = YES;
				CLANG_ANALYZER_NUMBER_OBJECT_CONVERSION = YES_AGGRESSIVE;
				CLANG_CXX_LANGUAGE_STANDARD = "gnu++17";
				CLANG_ENABLE_MODULES = YES;
				CLANG_ENABLE_OBJC_ARC = YES;
				CLANG_ENABLE_OBJC_WEAK = YES;
				CLANG_WARN_BLOCK_CAPTURE_AUTORELEASING = YES;
				CLANG_WARN_BOOL_CONVERSION = YES;
				CLANG_WARN_COMMA = YES;
				CLANG_WARN_CONSTANT_CONVERSION = YES;
				CLANG_WARN_DEPRECATED_OBJC_IMPLEMENTATIONS = YES;
				CLANG_WARN_DIRECT_OBJC_ISA_USAGE = YES_ERROR;
				CLANG_WARN_DOCUMENTATION_COMMENTS = YES;
				CLANG_WARN_EMPTY_BODY = YES;
				CLANG_WARN_ENUM_CONVERSION = YES;
				CLANG_WARN_INFINITE_RECURSION = YES;
				CLANG_WARN_INT_CONVERSION = YES;
				CLANG_WARN_NON_LITERAL_NULL_CONVERSION = YES;
				CLANG_WARN_OBJC_IMPLICIT_RETAIN_SELF = YES;
				CLANG_WARN_OBJC_LITERAL_CONVERSION = YES;
				CLANG_WARN_OBJC_ROOT_CLASS = YES_ERROR;
				CLANG_WARN_QUOTED_INCLUDE_IN_FRAMEWORK_HEADER = YES;
				CLANG_WARN_RANGE_LOOP_ANALYSIS = YES;
				CLANG_WARN_STRICT_PROTOTYPES = YES;
				CLANG_WARN_SUSPICIOUS_MOVE = YES;
				CLANG_WARN_UNGUARDED_AVAILABILITY = YES_AGGRESSIVE;
				CLANG_WARN_UNREACHABLE_CODE = YES;
				CLANG_WARN__DUPLICATE_METHOD_MATCH = YES;
				COPY_PHASE_STRIP = NO;
				DEBUG_INFORMATION_FORMAT = dwarf;
				ENABLE_STRICT_OBJC_MSGSEND = YES;
				ENABLE_TESTABILITY = YES;
				GCC_C_LANGUAGE_STANDARD = gnu11;
				GCC_DYNAMIC_NO_PIC = NO;
				GCC_NO_COMMON_BLOCKS = YES;
				GCC_OPTIMIZATION_LEVEL = 0;
				GCC_PREPROCESSOR_DEFINITIONS = (
					"DEBUG=1",
					"$(inherited)",
				);
				GCC_WARN_64_TO_32_BIT_CONVERSION = YES;
				GCC_WARN_ABOUT_RETURN_TYPE = YES_ERROR;
				GCC_WARN_UNDECLARED_SELECTOR = YES;
				GCC_WARN_UNINITIALIZED_AUTOS = YES_AGGRESSIVE;
				GCC_WARN_UNUSED_FUNCTION = YES;
				GCC_WARN_UNUSED_VARIABLE = YES;
				IPHONEOS_DEPLOYMENT_TARGET = 15.5;
				MTL_ENABLE_DEBUG_INFO = INCLUDE_SOURCE;
				MTL_FAST_MATH = YES;
				ONLY_ACTIVE_ARCH = YES;
				SDKROOT = iphoneos;
				SWIFT_ACTIVE_COMPILATION_CONDITIONS = DEBUG;
				SWIFT_OPTIMIZATION_LEVEL = "-Onone";
			};
			name = Debug;
		};
		B580B612292E80C500A0D5E8 /* Release */ = {
			isa = XCBuildConfiguration;
			buildSettings = {
				ALWAYS_SEARCH_USER_PATHS = NO;
				CLANG_ANALYZER_NONNULL = YES;
				CLANG_ANALYZER_NUMBER_OBJECT_CONVERSION = YES_AGGRESSIVE;
				CLANG_CXX_LANGUAGE_STANDARD = "gnu++17";
				CLANG_ENABLE_MODULES = YES;
				CLANG_ENABLE_OBJC_ARC = YES;
				CLANG_ENABLE_OBJC_WEAK = YES;
				CLANG_WARN_BLOCK_CAPTURE_AUTORELEASING = YES;
				CLANG_WARN_BOOL_CONVERSION = YES;
				CLANG_WARN_COMMA = YES;
				CLANG_WARN_CONSTANT_CONVERSION = YES;
				CLANG_WARN_DEPRECATED_OBJC_IMPLEMENTATIONS = YES;
				CLANG_WARN_DIRECT_OBJC_ISA_USAGE = YES_ERROR;
				CLANG_WARN_DOCUMENTATION_COMMENTS = YES;
				CLANG_WARN_EMPTY_BODY = YES;
				CLANG_WARN_ENUM_CONVERSION = YES;
				CLANG_WARN_INFINITE_RECURSION = YES;
				CLANG_WARN_INT_CONVERSION = YES;
				CLANG_WARN_NON_LITERAL_NULL_CONVERSION = YES;
				CLANG_WARN_OBJC_IMPLICIT_RETAIN_SELF = YES;
				CLANG_WARN_OBJC_LITERAL_CONVERSION = YES;
				CLANG_WARN_OBJC_ROOT_CLASS = YES_ERROR;
				CLANG_WARN_QUOTED_INCLUDE_IN_FRAMEWORK_HEADER = YES;
				CLANG_WARN_RANGE_LOOP_ANALYSIS = YES;
				CLANG_WARN_STRICT_PROTOTYPES = YES;
				CLANG_WARN_SUSPICIOUS_MOVE = YES;
				CLANG_WARN_UNGUARDED_AVAILABILITY = YES_AGGRESSIVE;
				CLANG_WARN_UNREACHABLE_CODE = YES;
				CLANG_WARN__DUPLICATE_METHOD_MATCH = YES;
				COPY_PHASE_STRIP = NO;
				DEBUG_INFORMATION_FORMAT = "dwarf-with-dsym";
				ENABLE_NS_ASSERTIONS = NO;
				ENABLE_STRICT_OBJC_MSGSEND = YES;
				GCC_C_LANGUAGE_STANDARD = gnu11;
				GCC_NO_COMMON_BLOCKS = YES;
				GCC_WARN_64_TO_32_BIT_CONVERSION = YES;
				GCC_WARN_ABOUT_RETURN_TYPE = YES_ERROR;
				GCC_WARN_UNDECLARED_SELECTOR = YES;
				GCC_WARN_UNINITIALIZED_AUTOS = YES_AGGRESSIVE;
				GCC_WARN_UNUSED_FUNCTION = YES;
				GCC_WARN_UNUSED_VARIABLE = YES;
				IPHONEOS_DEPLOYMENT_TARGET = 15.5;
				MTL_ENABLE_DEBUG_INFO = NO;
				MTL_FAST_MATH = YES;
				SDKROOT = iphoneos;
				SWIFT_COMPILATION_MODE = wholemodule;
				SWIFT_OPTIMIZATION_LEVEL = "-O";
				VALIDATE_PRODUCT = YES;
			};
			name = Release;
		};
		B580B614292E80C500A0D5E8 /* Debug */ = {
			isa = XCBuildConfiguration;
			buildSettings = {
				ASSETCATALOG_COMPILER_APPICON_NAME = AppIcon;
				ASSETCATALOG_COMPILER_GLOBAL_ACCENT_COLOR_NAME = AccentColor;
				CODE_SIGN_STYLE = Automatic;
				CURRENT_PROJECT_VERSION = 1;
				DEVELOPMENT_ASSET_PATHS = "\"exa-ingweb/Preview Content\"";
				ENABLE_PREVIEWS = YES;
				GENERATE_INFOPLIST_FILE = YES;
				INFOPLIST_KEY_UIApplicationSceneManifest_Generation = YES;
				INFOPLIST_KEY_UIApplicationSupportsIndirectInputEvents = YES;
				INFOPLIST_KEY_UILaunchScreen_Generation = YES;
				INFOPLIST_KEY_UISupportedInterfaceOrientations_iPad = "UIInterfaceOrientationPortrait UIInterfaceOrientationPortraitUpsideDown UIInterfaceOrientationLandscapeLeft UIInterfaceOrientationLandscapeRight";
				INFOPLIST_KEY_UISupportedInterfaceOrientations_iPhone = "UIInterfaceOrientationPortrait UIInterfaceOrientationLandscapeLeft UIInterfaceOrientationLandscapeRight";
				LD_RUNPATH_SEARCH_PATHS = (
					"$(inherited)",
					"@executable_path/Frameworks",
				);
				MARKETING_VERSION = 1.0;
				PRODUCT_BUNDLE_IDENTIFIER = "emld.exa-ingweb";
				PRODUCT_NAME = "$(TARGET_NAME)";
				SWIFT_EMIT_LOC_STRINGS = YES;
				SWIFT_VERSION = 5.0;
				TARGETED_DEVICE_FAMILY = "1,2";
			};
			name = Debug;
		};
		B580B615292E80C500A0D5E8 /* Release */ = {
			isa = XCBuildConfiguration;
			buildSettings = {
				ASSETCATALOG_COMPILER_APPICON_NAME = AppIcon;
				ASSETCATALOG_COMPILER_GLOBAL_ACCENT_COLOR_NAME = AccentColor;
				CODE_SIGN_STYLE = Automatic;
				CURRENT_PROJECT_VERSION = 1;
				DEVELOPMENT_ASSET_PATHS = "\"exa-ingweb/Preview Content\"";
				ENABLE_PREVIEWS = YES;
				GENERATE_INFOPLIST_FILE = YES;
				INFOPLIST_KEY_UIApplicationSceneManifest_Generation = YES;
				INFOPLIST_KEY_UIApplicationSupportsIndirectInputEvents = YES;
				INFOPLIST_KEY_UILaunchScreen_Generation = YES;
				INFOPLIST_KEY_UISupportedInterfaceOrientations_iPad = "UIInterfaceOrientationPortrait UIInterfaceOrientationPortraitUpsideDown UIInterfaceOrientationLandscapeLeft UIInterfaceOrientationLandscapeRight";
				INFOPLIST_KEY_UISupportedInterfaceOrientations_iPhone = "UIInterfaceOrientationPortrait UIInterfaceOrientationLandscapeLeft UIInterfaceOrientationLandscapeRight";
				LD_RUNPATH_SEARCH_PATHS = (
					"$(inherited)",
					"@executable_path/Frameworks",
				);
				MARKETING_VERSION = 1.0;
				PRODUCT_BUNDLE_IDENTIFIER = "emld.exa-ingweb";
				PRODUCT_NAME = "$(TARGET_NAME)";
				SWIFT_EMIT_LOC_STRINGS = YES;
				SWIFT_VERSION = 5.0;
				TARGETED_DEVICE_FAMILY = "1,2";
			};
			name = Release;
		};
/* End XCBuildConfiguration section */

/* Begin XCConfigurationList section */
		B580B600292E80C200A0D5E8 /* Build configuration list for PBXProject "exa-ingweb" */ = {
			isa = XCConfigurationList;
			buildConfigurations = (
				B580B611292E80C500A0D5E8 /* Debug */,
				B580B612292E80C500A0D5E8 /* Release */,
			);
			defaultConfigurationIsVisible = 0;
			defaultConfigurationName = Release;
		};
		B580B613292E80C500A0D5E8 /* Build configuration list for PBXNativeTarget "exa-ingweb" */ = {
			isa = XCConfigurationList;
			buildConfigurations = (
				B580B614292E80C500A0D5E8 /* Debug */,
				B580B615292E80C500A0D5E8 /* Release */,
			);
			defaultConfigurationIsVisible = 0;
			defaultConfigurationName = Release;
		};
/* End XCConfigurationList section */

/* Begin XCVersionGroup section */
		B580B618292E82F200A0D5E8 /* DataModel.xcdatamodeld */ = {
			isa = XCVersionGroup;
			children = (
				B580B619292E82F200A0D5E8 /* DataModel.xcdatamodel */,
			);
			currentVersion = B580B619292E82F200A0D5E8 /* DataModel.xcdatamodel */;
			path = DataModel.xcdatamodeld;
			sourceTree = "<group>";
			versionGroupType = wrapper.xcdatamodel;
		};
/* End XCVersionGroup section */
	};
	rootObject = B580B5FD292E80C200A0D5E8 /* Project object */;
}
